
Microsoft Visual Studio Solution File, Format Version 12.00
# Visual Studio Version 17
VisualStudioVersion = 17.8.34525.116
MinimumVisualStudioVersion = 10.0.40219.1
Project("{9A19103F-16F7-4668-BE54-9A1E7A4F7556}") = "PlantUML.Logic", "PlantUML.Logic\PlantUML.Logic.csproj", "{6C86C377-78F8-4B12-BFF3-5FDB04446CC6}"
EndProject
Project("{9A19103F-16F7-4668-BE54-9A1E7A4F7556}") = "PlantUML.ConApp", "PlantUML.ConApp\PlantUML.ConApp.csproj", "{878EA569-5BBF-444F-A142-380244905421}"
EndProject
Project("{9A19103F-16F7-4668-BE54-9A1E7A4F7556}") = "FileWatcher.ConApp", "..\FileWatcher\FileWatcher.ConApp\FileWatcher.ConApp.csproj", "{58CBA31A-BC6A-41C9-AF67-9E7A30A2FB42}"
EndProject
Project("{9A19103F-16F7-4668-BE54-9A1E7A4F7556}") = "CommonTool", "..\CommonTool\CommonTool\CommonTool.csproj", "{AC1E9BE0-FECD-485B-86A2-3620F92E89BB}"
EndProject
Global
	GlobalSection(SolutionConfigurationPlatforms) = preSolution
		Debug|Any CPU = Debug|Any CPU
		Release|Any CPU = Release|Any CPU
	EndGlobalSection
	GlobalSection(ProjectConfigurationPlatforms) = postSolution
		{6C86C377-78F8-4B12-BFF3-5FDB04446CC6}.Debug|Any CPU.ActiveCfg = Debug|Any CPU
		{6C86C377-78F8-4B12-BFF3-5FDB04446CC6}.Debug|Any CPU.Build.0 = Debug|Any CPU
		{6C86C377-78F8-4B12-BFF3-5FDB04446CC6}.Release|Any CPU.ActiveCfg = Release|Any CPU
		{6C86C377-78F8-4B12-BFF3-5FDB04446CC6}.Release|Any CPU.Build.0 = Release|Any CPU
		{878EA569-5BBF-444F-A142-380244905421}.Debug|Any CPU.ActiveCfg = Debug|Any CPU
		{878EA569-5BBF-444F-A142-380244905421}.Debug|Any CPU.Build.0 = Debug|Any CPU
		{878EA569-5BBF-444F-A142-380244905421}.Release|Any CPU.ActiveCfg = Release|Any CPU
		{878EA569-5BBF-444F-A142-380244905421}.Release|Any CPU.Build.0 = Release|Any CPU
		{58CBA31A-BC6A-41C9-AF67-9E7A30A2FB42}.Debug|Any CPU.ActiveCfg = Debug|Any CPU
		{58CBA31A-BC6A-41C9-AF67-9E7A30A2FB42}.Debug|Any CPU.Build.0 = Debug|Any CPU
		{58CBA31A-BC6A-41C9-AF67-9E7A30A2FB42}.Release|Any CPU.ActiveCfg = Release|Any CPU
		{58CBA31A-BC6A-41C9-AF67-9E7A30A2FB42}.Release|Any CPU.Build.0 = Release|Any CPU
		{AC1E9BE0-FECD-485B-86A2-3620F92E89BB}.Debug|Any CPU.ActiveCfg = Debug|Any CPU
		{AC1E9BE0-FECD-485B-86A2-3620F92E89BB}.Debug|Any CPU.Build.0 = Debug|Any CPU
		{AC1E9BE0-FECD-485B-86A2-3620F92E89BB}.Release|Any CPU.ActiveCfg = Release|Any CPU
		{AC1E9BE0-FECD-485B-86A2-3620F92E89BB}.Release|Any CPU.Build.0 = Release|Any CPU
	EndGlobalSection
	GlobalSection(SolutionProperties) = preSolution
		HideSolutionNode = FALSE
	EndGlobalSection
	GlobalSection(ExtensibilityGlobals) = postSolution
		SolutionGuid = {1005827D-1B52-43E5-BD80-EEE169B41F3F}
	EndGlobalSection
EndGlobal
