
Microsoft Visual Studio Solution File, Format Version 12.00
# Visual Studio Version 17
VisualStudioVersion = 17.8.34525.116
MinimumVisualStudioVersion = 10.0.40219.1
Project("{9A19103F-16F7-4668-BE54-9A1E7A4F7556}") = "PlantUML.Logic", "PlantUML.Logic\PlantUML.Logic.csproj", "{6C86C377-78F8-4B12-BFF3-5FDB04446CC6}"
EndProject
Project("{FAE04EC0-301F-11D3-BF4B-00C04F79EFBC}") = "PlantUML.ConApp", "PlantUML.ConApp\PlantUML.ConApp.csproj", "{878EA569-5BBF-444F-A142-380244905421}"
EndProject
Project("{FAE04EC0-301F-11D3-BF4B-00C04F79EFBC}") = "CommonTool", "..\CommonTool\CommonTool\CommonTool.csproj", "{4AA9C623-53CE-4E24-AFAF-7D0673262B58}"
EndProject
Global
	GlobalSection(SolutionConfigurationPlatforms) = preSolution
		Debug|Any CPU = Debug|Any CPU
		Release|Any CPU = Release|Any CPU
	EndGlobalSection
	GlobalSection(ProjectConfigurationPlatforms) = postSolution
		{6C86C377-78F8-4B12-BFF3-5FDB04446CC6}.Debug|Any CPU.ActiveCfg = Debug|Any CPU
		{6C86C377-78F8-4B12-BFF3-5FDB04446CC6}.Debug|Any CPU.Build.0 = Debug|Any CPU
		{6C86C377-78F8-4B12-BFF3-5FDB04446CC6}.Release|Any CPU.ActiveCfg = Release|Any CPU
		{6C86C377-78F8-4B12-BFF3-5FDB04446CC6}.Release|Any CPU.Build.0 = Release|Any CPU
		{878EA569-5BBF-444F-A142-380244905421}.Debug|Any CPU.ActiveCfg = Debug|Any CPU
		{878EA569-5BBF-444F-A142-380244905421}.Debug|Any CPU.Build.0 = Debug|Any CPU
		{878EA569-5BBF-444F-A142-380244905421}.Release|Any CPU.ActiveCfg = Release|Any CPU
		{878EA569-5BBF-444F-A142-380244905421}.Release|Any CPU.Build.0 = Release|Any CPU
		{4AA9C623-53CE-4E24-AFAF-7D0673262B58}.Debug|Any CPU.ActiveCfg = Debug|Any CPU
		{4AA9C623-53CE-4E24-AFAF-7D0673262B58}.Debug|Any CPU.Build.0 = Debug|Any CPU
		{4AA9C623-53CE-4E24-AFAF-7D0673262B58}.Release|Any CPU.ActiveCfg = Release|Any CPU
		{4AA9C623-53CE-4E24-AFAF-7D0673262B58}.Release|Any CPU.Build.0 = Release|Any CPU
	EndGlobalSection
	GlobalSection(SolutionProperties) = preSolution
		HideSolutionNode = FALSE
	EndGlobalSection
	GlobalSection(ExtensibilityGlobals) = postSolution
		SolutionGuid = {1005827D-1B52-43E5-BD80-EEE169B41F3F}
	EndGlobalSection
EndGlobal
